// !$*UTF8*$!
{
	archiveVersion = 1;
	classes = {
	};
	objectVersion = 46;
	objects = {

/* Begin PBXBuildFile section */
		F40AE3481EB9F8B900BF9791 /* main.m in Sources */ = {isa = PBXBuildFile; fileRef = F40AE3471EB9F8B900BF9791 /* main.m */; };
		F40AE34B1EB9F8B900BF9791 /* AppDelegate.m in Sources */ = {isa = PBXBuildFile; fileRef = F40AE34A1EB9F8B900BF9791 /* AppDelegate.m */; };
		F40AE34E1EB9F8B900BF9791 /* ViewController.m in Sources */ = {isa = PBXBuildFile; fileRef = F40AE34D1EB9F8B900BF9791 /* ViewController.m */; };
		F40AE3511EB9F8B900BF9791 /* Main.storyboard in Resources */ = {isa = PBXBuildFile; fileRef = F40AE34F1EB9F8B900BF9791 /* Main.storyboard */; };
		F40AE3531EB9F8B900BF9791 /* Assets.xcassets in Resources */ = {isa = PBXBuildFile; fileRef = F40AE3521EB9F8B900BF9791 /* Assets.xcassets */; };
		F40AE3561EB9F8B900BF9791 /* LaunchScreen.storyboard in Resources */ = {isa = PBXBuildFile; fileRef = F40AE3541EB9F8B900BF9791 /* LaunchScreen.storyboard */; };
		F40AE35E1EB9F97100BF9791 /* ViewController.xib in Resources */ = {isa = PBXBuildFile; fileRef = F40AE35D1EB9F97100BF9791 /* ViewController.xib */; };
		F40AE3611EB9FA4600BF9791 /* CoreLocation.framework in Frameworks */ = {isa = PBXBuildFile; fileRef = F40AE3601EB9FA4600BF9791 /* CoreLocation.framework */; };
		F40AE3631EB9FA6500BF9791 /* MapKit.framework in Frameworks */ = {isa = PBXBuildFile; fileRef = F40AE3621EB9FA6500BF9791 /* MapKit.framework */; };
		F40AE3661EB9FE3600BF9791 /* MyMapViewAnnotation.m in Sources */ = {isa = PBXBuildFile; fileRef = F40AE3651EB9FE3600BF9791 /* MyMapViewAnnotation.m */; };
		F40AE3691EBA0AC700BF9791 /* MyMapAnnotationView.m in Sources */ = {isa = PBXBuildFile; fileRef = F40AE3681EBA0AC700BF9791 /* MyMapAnnotationView.m */; };
		F439CA9C1EBAE33100CE74FA /* DetailsViewController.m in Sources */ = {isa = PBXBuildFile; fileRef = F439CA9A1EBAE33100CE74FA /* DetailsViewController.m */; };
		F439CA9D1EBAE33100CE74FA /* DetailsViewController.xib in Resources */ = {isa = PBXBuildFile; fileRef = F439CA9B1EBAE33100CE74FA /* DetailsViewController.xib */; };
		F439CAD31EBAEB9F00CE74FA /* AdAddAnnotation.m in Sources */ = {isa = PBXBuildFile; fileRef = F439CACC1EBAEB9F00CE74FA /* AdAddAnnotation.m */; };
		F439CAD41EBAEB9F00CE74FA /* AdListAnnotation.m in Sources */ = {isa = PBXBuildFile; fileRef = F439CACE1EBAEB9F00CE74FA /* AdListAnnotation.m */; };
		F439CAD51EBAEB9F00CE74FA /* AdListAnnotationView.m in Sources */ = {isa = PBXBuildFile; fileRef = F439CAD01EBAEB9F00CE74FA /* AdListAnnotationView.m */; };
		F439CAD61EBAEB9F00CE74FA /* Annotation.m in Sources */ = {isa = PBXBuildFile; fileRef = F439CAD21EBAEB9F00CE74FA /* Annotation.m */; };
/* End PBXBuildFile section */

/* Begin PBXFileReference section */
		F40AE3431EB9F8B900BF9791 /* MapWithCustomAnnotation.app */ = {isa = PBXFileReference; explicitFileType = wrapper.application; includeInIndex = 0; path = MapWithCustomAnnotation.app; sourceTree = BUILT_PRODUCTS_DIR; };
		F40AE3471EB9F8B900BF9791 /* main.m */ = {isa = PBXFileReference; lastKnownFileType = sourcecode.c.objc; path = main.m; sourceTree = "<group>"; };
		F40AE3491EB9F8B900BF9791 /* AppDelegate.h */ = {isa = PBXFileReference; lastKnownFileType = sourcecode.c.h; path = AppDelegate.h; sourceTree = "<group>"; };
		F40AE34A1EB9F8B900BF9791 /* AppDelegate.m */ = {isa = PBXFileReference; lastKnownFileType = sourcecode.c.objc; path = AppDelegate.m; sourceTree = "<group>"; };
		F40AE34C1EB9F8B900BF9791 /* ViewController.h */ = {isa = PBXFileReference; lastKnownFileType = sourcecode.c.h; path = ViewController.h; sourceTree = "<group>"; };
		F40AE34D1EB9F8B900BF9791 /* ViewController.m */ = {isa = PBXFileReference; lastKnownFileType = sourcecode.c.objc; path = ViewController.m; sourceTree = "<group>"; };
		F40AE3501EB9F8B900BF9791 /* Base */ = {isa = PBXFileReference; lastKnownFileType = file.storyboard; name = Base; path = Base.lproj/Main.storyboard; sourceTree = "<group>"; };
		F40AE3521EB9F8B900BF9791 /* Assets.xcassets */ = {isa = PBXFileReference; lastKnownFileType = folder.assetcatalog; path = Assets.xcassets; sourceTree = "<group>"; };
		F40AE3551EB9F8B900BF9791 /* Base */ = {isa = PBXFileReference; lastKnownFileType = file.storyboard; name = Base; path = Base.lproj/LaunchScreen.storyboard; sourceTree = "<group>"; };
		F40AE3571EB9F8B900BF9791 /* Info.plist */ = {isa = PBXFileReference; lastKnownFileType = text.plist.xml; path = Info.plist; sourceTree = "<group>"; };
		F40AE35D1EB9F97100BF9791 /* ViewController.xib */ = {isa = PBXFileReference; fileEncoding = 4; lastKnownFileType = file.xib; path = ViewController.xib; sourceTree = "<group>"; };
		F40AE3601EB9FA4600BF9791 /* CoreLocation.framework */ = {isa = PBXFileReference; lastKnownFileType = wrapper.framework; name = CoreLocation.framework; path = System/Library/Frameworks/CoreLocation.framework; sourceTree = SDKROOT; };
		F40AE3621EB9FA6500BF9791 /* MapKit.framework */ = {isa = PBXFileReference; lastKnownFileType = wrapper.framework; name = MapKit.framework; path = System/Library/Frameworks/MapKit.framework; sourceTree = SDKROOT; };
		F40AE3641EB9FE3600BF9791 /* MyMapViewAnnotation.h */ = {isa = PBXFileReference; fileEncoding = 4; lastKnownFileType = sourcecode.c.h; path = MyMapViewAnnotation.h; sourceTree = "<group>"; };
		F40AE3651EB9FE3600BF9791 /* MyMapViewAnnotation.m */ = {isa = PBXFileReference; fileEncoding = 4; lastKnownFileType = sourcecode.c.objc; path = MyMapViewAnnotation.m; sourceTree = "<group>"; };
		F40AE3671EBA0AC700BF9791 /* MyMapAnnotationView.h */ = {isa = PBXFileReference; fileEncoding = 4; lastKnownFileType = sourcecode.c.h; path = MyMapAnnotationView.h; sourceTree = "<group>"; };
		F40AE3681EBA0AC700BF9791 /* MyMapAnnotationView.m */ = {isa = PBXFileReference; fileEncoding = 4; lastKnownFileType = sourcecode.c.objc; path = MyMapAnnotationView.m; sourceTree = "<group>"; };
		F439CA991EBAE33100CE74FA /* DetailsViewController.h */ = {isa = PBXFileReference; fileEncoding = 4; lastKnownFileType = sourcecode.c.h; path = DetailsViewController.h; sourceTree = "<group>"; };
		F439CA9A1EBAE33100CE74FA /* DetailsViewController.m */ = {isa = PBXFileReference; fileEncoding = 4; lastKnownFileType = sourcecode.c.objc; path = DetailsViewController.m; sourceTree = "<group>"; };
		F439CA9B1EBAE33100CE74FA /* DetailsViewController.xib */ = {isa = PBXFileReference; fileEncoding = 4; lastKnownFileType = file.xib; path = DetailsViewController.xib; sourceTree = "<group>"; };
		F439CACB1EBAEB9F00CE74FA /* AdAddAnnotation.h */ = {isa = PBXFileReference; fileEncoding = 4; lastKnownFileType = sourcecode.c.h; path = AdAddAnnotation.h; sourceTree = "<group>"; };
		F439CACC1EBAEB9F00CE74FA /* AdAddAnnotation.m */ = {isa = PBXFileReference; fileEncoding = 4; lastKnownFileType = sourcecode.c.objc; path = AdAddAnnotation.m; sourceTree = "<group>"; };
		F439CACD1EBAEB9F00CE74FA /* AdListAnnotation.h */ = {isa = PBXFileReference; fileEncoding = 4; lastKnownFileType = sourcecode.c.h; path = AdListAnnotation.h; sourceTree = "<group>"; };
		F439CACE1EBAEB9F00CE74FA /* AdListAnnotation.m */ = {isa = PBXFileReference; fileEncoding = 4; lastKnownFileType = sourcecode.c.objc; path = AdListAnnotation.m; sourceTree = "<group>"; };
		F439CACF1EBAEB9F00CE74FA /* AdListAnnotationView.h */ = {isa = PBXFileReference; fileEncoding = 4; lastKnownFileType = sourcecode.c.h; path = AdListAnnotationView.h; sourceTree = "<group>"; };
		F439CAD01EBAEB9F00CE74FA /* AdListAnnotationView.m */ = {isa = PBXFileReference; fileEncoding = 4; lastKnownFileType = sourcecode.c.objc; path = AdListAnnotationView.m; sourceTree = "<group>"; };
		F439CAD11EBAEB9F00CE74FA /* Annotation.h */ = {isa = PBXFileReference; fileEncoding = 4; lastKnownFileType = sourcecode.c.h; path = Annotation.h; sourceTree = "<group>"; };
		F439CAD21EBAEB9F00CE74FA /* Annotation.m */ = {isa = PBXFileReference; fileEncoding = 4; lastKnownFileType = sourcecode.c.objc; path = Annotation.m; sourceTree = "<group>"; };
/* End PBXFileReference section */

/* Begin PBXFrameworksBuildPhase section */
		F40AE3401EB9F8B800BF9791 /* Frameworks */ = {
			isa = PBXFrameworksBuildPhase;
			buildActionMask = 2147483647;
			files = (
				F40AE3631EB9FA6500BF9791 /* MapKit.framework in Frameworks */,
				F40AE3611EB9FA4600BF9791 /* CoreLocation.framework in Frameworks */,
			);
			runOnlyForDeploymentPostprocessing = 0;
		};
/* End PBXFrameworksBuildPhase section */

/* Begin PBXGroup section */
		F40AE33A1EB9F8B800BF9791 = {
			isa = PBXGroup;
			children = (
				F40AE3451EB9F8B900BF9791 /* MapWithCustomAnnotation */,
				F40AE3441EB9F8B900BF9791 /* Products */,
				F40AE35F1EB9FA4600BF9791 /* Frameworks */,
			);
			sourceTree = "<group>";
		};
		F40AE3441EB9F8B900BF9791 /* Products */ = {
			isa = PBXGroup;
			children = (
				F40AE3431EB9F8B900BF9791 /* MapWithCustomAnnotation.app */,
			);
			name = Products;
			sourceTree = "<group>";
		};
		F40AE3451EB9F8B900BF9791 /* MapWithCustomAnnotation */ = {
			isa = PBXGroup;
			children = (
				F439CACA1EBAEB9F00CE74FA /* custom anno */,
				F40AE3491EB9F8B900BF9791 /* AppDelegate.h */,
				F40AE34A1EB9F8B900BF9791 /* AppDelegate.m */,
				F40AE34C1EB9F8B900BF9791 /* ViewController.h */,
				F40AE34D1EB9F8B900BF9791 /* ViewController.m */,
				F40AE35D1EB9F97100BF9791 /* ViewController.xib */,
				F40AE34F1EB9F8B900BF9791 /* Main.storyboard */,
				F40AE3521EB9F8B900BF9791 /* Assets.xcassets */,
				F40AE3541EB9F8B900BF9791 /* LaunchScreen.storyboard */,
				F40AE3571EB9F8B900BF9791 /* Info.plist */,
				F40AE3461EB9F8B900BF9791 /* Supporting Files */,
				F40AE3641EB9FE3600BF9791 /* MyMapViewAnnotation.h */,
				F40AE3651EB9FE3600BF9791 /* MyMapViewAnnotation.m */,
				F40AE3671EBA0AC700BF9791 /* MyMapAnnotationView.h */,
				F40AE3681EBA0AC700BF9791 /* MyMapAnnotationView.m */,
				F439CA991EBAE33100CE74FA /* DetailsViewController.h */,
				F439CA9A1EBAE33100CE74FA /* DetailsViewController.m */,
				F439CA9B1EBAE33100CE74FA /* DetailsViewController.xib */,
			);
			path = MapWithCustomAnnotation;
			sourceTree = "<group>";
		};
		F40AE3461EB9F8B900BF9791 /* Supporting Files */ = {
			isa = PBXGroup;
			children = (
				F40AE3471EB9F8B900BF9791 /* main.m */,
			);
			name = "Supporting Files";
			sourceTree = "<group>";
		};
		F40AE35F1EB9FA4600BF9791 /* Frameworks */ = {
			isa = PBXGroup;
			children = (
				F40AE3621EB9FA6500BF9791 /* MapKit.framework */,
				F40AE3601EB9FA4600BF9791 /* CoreLocation.framework */,
			);
			name = Frameworks;
			sourceTree = "<group>";
		};
		F439CACA1EBAEB9F00CE74FA /* custom anno */ = {
			isa = PBXGroup;
			children = (
				F439CAD71EBAF0AD00CE74FA /* backup */,
				F439CACD1EBAEB9F00CE74FA /* AdListAnnotation.h */,
				F439CACE1EBAEB9F00CE74FA /* AdListAnnotation.m */,
				F439CACF1EBAEB9F00CE74FA /* AdListAnnotationView.h */,
				F439CAD01EBAEB9F00CE74FA /* AdListAnnotationView.m */,
			);
			path = "custom anno";
			sourceTree = "<group>";
		};
		F439CAD71EBAF0AD00CE74FA /* backup */ = {
			isa = PBXGroup;
			children = (
				F439CACB1EBAEB9F00CE74FA /* AdAddAnnotation.h */,
				F439CACC1EBAEB9F00CE74FA /* AdAddAnnotation.m */,
				F439CAD11EBAEB9F00CE74FA /* Annotation.h */,
				F439CAD21EBAEB9F00CE74FA /* Annotation.m */,
			);
			name = backup;
			sourceTree = "<group>";
		};
/* End PBXGroup section */

/* Begin PBXNativeTarget section */
		F40AE3421EB9F8B800BF9791 /* MapWithCustomAnnotation */ = {
			isa = PBXNativeTarget;
			buildConfigurationList = F40AE35A1EB9F8B900BF9791 /* Build configuration list for PBXNativeTarget "MapWithCustomAnnotation" */;
			buildPhases = (
				F40AE33F1EB9F8B800BF9791 /* Sources */,
				F40AE3401EB9F8B800BF9791 /* Frameworks */,
				F40AE3411EB9F8B800BF9791 /* Resources */,
			);
			buildRules = (
			);
			dependencies = (
			);
			name = MapWithCustomAnnotation;
			productName = MapWithCustomAnnotation;
			productReference = F40AE3431EB9F8B900BF9791 /* MapWithCustomAnnotation.app */;
			productType = "com.apple.product-type.application";
		};
/* End PBXNativeTarget section */

/* Begin PBXProject section */
		F40AE33B1EB9F8B800BF9791 /* Project object */ = {
			isa = PBXProject;
			attributes = {
				LastUpgradeCheck = 0830;
				ORGANIZATIONNAME = Xminds;
				TargetAttributes = {
					F40AE3421EB9F8B800BF9791 = {
						CreatedOnToolsVersion = 8.3;
						DevelopmentTeam = 5DM37TEFRF;
						ProvisioningStyle = Automatic;
					};
				};
			};
			buildConfigurationList = F40AE33E1EB9F8B800BF9791 /* Build configuration list for PBXProject "MapWithCustomAnnotation" */;
			compatibilityVersion = "Xcode 3.2";
			developmentRegion = English;
			hasScannedForEncodings = 0;
			knownRegions = (
				en,
				Base,
			);
			mainGroup = F40AE33A1EB9F8B800BF9791;
			productRefGroup = F40AE3441EB9F8B900BF9791 /* Products */;
			projectDirPath = "";
			projectRoot = "";
			targets = (
				F40AE3421EB9F8B800BF9791 /* MapWithCustomAnnotation */,
			);
		};
/* End PBXProject section */

/* Begin PBXResourcesBuildPhase section */
		F40AE3411EB9F8B800BF9791 /* Resources */ = {
			isa = PBXResourcesBuildPhase;
			buildActionMask = 2147483647;
			files = (
				F40AE3561EB9F8B900BF9791 /* LaunchScreen.storyboard in Resources */,
				F40AE3531EB9F8B900BF9791 /* Assets.xcassets in Resources */,
				F439CA9D1EBAE33100CE74FA /* DetailsViewController.xib in Resources */,
				F40AE35E1EB9F97100BF9791 /* ViewController.xib in Resources */,
				F40AE3511EB9F8B900BF9791 /* Main.storyboard in Resources */,
			);
			runOnlyForDeploymentPostprocessing = 0;
		};
/* End PBXResourcesBuildPhase section */

/* Begin PBXSourcesBuildPhase section */
		F40AE33F1EB9F8B800BF9791 /* Sources */ = {
			isa = PBXSourcesBuildPhase;
			buildActionMask = 2147483647;
			files = (
				F439CAD61EBAEB9F00CE74FA /* Annotation.m in Sources */,
				F40AE34E1EB9F8B900BF9791 /* ViewController.m in Sources */,
				F439CAD41EBAEB9F00CE74FA /* AdListAnnotation.m in Sources */,
				F40AE34B1EB9F8B900BF9791 /* AppDelegate.m in Sources */,
				F40AE3661EB9FE3600BF9791 /* MyMapViewAnnotation.m in Sources */,
				F439CA9C1EBAE33100CE74FA /* DetailsViewController.m in Sources */,
				F439CAD31EBAEB9F00CE74FA /* AdAddAnnotation.m in Sources */,
				F40AE3691EBA0AC700BF9791 /* MyMapAnnotationView.m in Sources */,
				F40AE3481EB9F8B900BF9791 /* main.m in Sources */,
				F439CAD51EBAEB9F00CE74FA /* AdListAnnotationView.m in Sources */,
			);
			runOnlyForDeploymentPostprocessing = 0;
		};
/* End PBXSourcesBuildPhase section */

/* Begin PBXVariantGroup section */
		F40AE34F1EB9F8B900BF9791 /* Main.storyboard */ = {
			isa = PBXVariantGroup;
			children = (
				F40AE3501EB9F8B900BF9791 /* Base */,
			);
			name = Main.storyboard;
			sourceTree = "<group>";
		};
		F40AE3541EB9F8B900BF9791 /* LaunchScreen.storyboard */ = {
			isa = PBXVariantGroup;
			children = (
				F40AE3551EB9F8B900BF9791 /* Base */,
			);
			name = LaunchScreen.storyboard;
			sourceTree = "<group>";
		};
/* End PBXVariantGroup section */

/* Begin XCBuildConfiguration section */
		F40AE3581EB9F8B900BF9791 /* Debug */ = {
			isa = XCBuildConfiguration;
			buildSettings = {
				ALWAYS_SEARCH_USER_PATHS = NO;
				CLANG_ANALYZER_NONNULL = YES;
				CLANG_ANALYZER_NUMBER_OBJECT_CONVERSION = YES_AGGRESSIVE;
				CLANG_CXX_LANGUAGE_STANDARD = "gnu++0x";
				CLANG_CXX_LIBRARY = "libc++";
				CLANG_ENABLE_MODULES = YES;
				CLANG_ENABLE_OBJC_ARC = YES;
				CLANG_WARN_BOOL_CONVERSION = YES;
				CLANG_WARN_CONSTANT_CONVERSION = YES;
				CLANG_WARN_DIRECT_OBJC_ISA_USAGE = YES_ERROR;
				CLANG_WARN_DOCUMENTATION_COMMENTS = YES;
				CLANG_WARN_EMPTY_BODY = YES;
				CLANG_WARN_ENUM_CONVERSION = YES;
				CLANG_WARN_INFINITE_RECURSION = YES;
				CLANG_WARN_INT_CONVERSION = YES;
				CLANG_WARN_OBJC_ROOT_CLASS = YES_ERROR;
				CLANG_WARN_SUSPICIOUS_MOVE = YES;
				CLANG_WARN_UNREACHABLE_CODE = YES;
				CLANG_WARN__DUPLICATE_METHOD_MATCH = YES;
				"CODE_SIGN_IDENTITY[sdk=iphoneos*]" = "iPhone Developer";
				COPY_PHASE_STRIP = NO;
				DEBUG_INFORMATION_FORMAT = dwarf;
				ENABLE_STRICT_OBJC_MSGSEND = YES;
				ENABLE_TESTABILITY = YES;
				GCC_C_LANGUAGE_STANDARD = gnu99;
				GCC_DYNAMIC_NO_PIC = NO;
				GCC_NO_COMMON_BLOCKS = YES;
				GCC_OPTIMIZATION_LEVEL = 0;
				GCC_PREPROCESSOR_DEFINITIONS = (
					"DEBUG=1",
					"$(inherited)",
				);
				GCC_WARN_64_TO_32_BIT_CONVERSION = YES;
				GCC_WARN_ABOUT_RETURN_TYPE = YES_ERROR;
				GCC_WARN_UNDECLARED_SELECTOR = YES;
				GCC_WARN_UNINITIALIZED_AUTOS = YES_AGGRESSIVE;
				GCC_WARN_UNUSED_FUNCTION = YES;
				GCC_WARN_UNUSED_VARIABLE = YES;
				IPHONEOS_DEPLOYMENT_TARGET = 10.3;
				MTL_ENABLE_DEBUG_INFO = YES;
				ONLY_ACTIVE_ARCH = YES;
				SDKROOT = iphoneos;
				TARGETED_DEVICE_FAMILY = "1,2";
			};
			name = Debug;
		};
		F40AE3591EB9F8B900BF9791 /* Release */ = {
			isa = XCBuildConfiguration;
			buildSettings = {
				ALWAYS_SEARCH_USER_PATHS = NO;
				CLANG_ANALYZER_NONNULL = YES;
				CLANG_ANALYZER_NUMBER_OBJECT_CONVERSION = YES_AGGRESSIVE;
				CLANG_CXX_LANGUAGE_STANDARD = "gnu++0x";
				CLANG_CXX_LIBRARY = "libc++";
				CLANG_ENABLE_MODULES = YES;
				CLANG_ENABLE_OBJC_ARC = YES;
				CLANG_WARN_BOOL_CONVERSION = YES;
				CLANG_WARN_CONSTANT_CONVERSION = YES;
				CLANG_WARN_DIRECT_OBJC_ISA_USAGE = YES_ERROR;
				CLANG_WARN_DOCUMENTATION_COMMENTS = YES;
				CLANG_WARN_EMPTY_BODY = YES;
				CLANG_WARN_ENUM_CONVERSION = YES;
				CLANG_WARN_INFINITE_RECURSION = YES;
				CLANG_WARN_INT_CONVERSION = YES;
				CLANG_WARN_OBJC_ROOT_CLASS = YES_ERROR;
				CLANG_WARN_SUSPICIOUS_MOVE = YES;
				CLANG_WARN_UNREACHABLE_CODE = YES;
				CLANG_WARN__DUPLICATE_METHOD_MATCH = YES;
				"CODE_SIGN_IDENTITY[sdk=iphoneos*]" = "iPhone Developer";
				COPY_PHASE_STRIP = NO;
				DEBUG_INFORMATION_FORMAT = "dwarf-with-dsym";
				ENABLE_NS_ASSERTIONS = NO;
				ENABLE_STRICT_OBJC_MSGSEND = YES;
				GCC_C_LANGUAGE_STANDARD = gnu99;
				GCC_NO_COMMON_BLOCKS = YES;
				GCC_WARN_64_TO_32_BIT_CONVERSION = YES;
				GCC_WARN_ABOUT_RETURN_TYPE = YES_ERROR;
				GCC_WARN_UNDECLARED_SELECTOR = YES;
				GCC_WARN_UNINITIALIZED_AUTOS = YES_AGGRESSIVE;
				GCC_WARN_UNUSED_FUNCTION = YES;
				GCC_WARN_UNUSED_VARIABLE = YES;
				IPHONEOS_DEPLOYMENT_TARGET = 10.3;
				MTL_ENABLE_DEBUG_INFO = NO;
				SDKROOT = iphoneos;
				TARGETED_DEVICE_FAMILY = "1,2";
				VALIDATE_PRODUCT = YES;
			};
			name = Release;
		};
		F40AE35B1EB9F8B900BF9791 /* Debug */ = {
			isa = XCBuildConfiguration;
			buildSettings = {
				ASSETCATALOG_COMPILER_APPICON_NAME = AppIcon;
				DEVELOPMENT_TEAM = 5DM37TEFRF;
				INFOPLIST_FILE = MapWithCustomAnnotation/Info.plist;
				IPHONEOS_DEPLOYMENT_TARGET = 9.0;
				LD_RUNPATH_SEARCH_PATHS = "$(inherited) @executable_path/Frameworks";
				PRODUCT_BUNDLE_IDENTIFIER = com.xminds.MapWithCustomAnnotation;
				PRODUCT_NAME = "$(TARGET_NAME)";
			};
			name = Debug;
		};
		F40AE35C1EB9F8B900BF9791 /* Release */ = {
			isa = XCBuildConfiguration;
			buildSettings = {
				ASSETCATALOG_COMPILER_APPICON_NAME = AppIcon;
				DEVELOPMENT_TEAM = 5DM37TEFRF;
				INFOPLIST_FILE = MapWithCustomAnnotation/Info.plist;
				IPHONEOS_DEPLOYMENT_TARGET = 9.0;
				LD_RUNPATH_SEARCH_PATHS = "$(inherited) @executable_path/Frameworks";
				PRODUCT_BUNDLE_IDENTIFIER = com.xminds.MapWithCustomAnnotation;
				PRODUCT_NAME = "$(TARGET_NAME)";
			};
			name = Release;
		};
/* End XCBuildConfiguration section */

/* Begin XCConfigurationList section */
		F40AE33E1EB9F8B800BF9791 /* Build configuration list for PBXProject "MapWithCustomAnnotation" */ = {
			isa = XCConfigurationList;
			buildConfigurations = (
				F40AE3581EB9F8B900BF9791 /* Debug */,
				F40AE3591EB9F8B900BF9791 /* Release */,
			);
			defaultConfigurationIsVisible = 0;
			defaultConfigurationName = Release;
		};
		F40AE35A1EB9F8B900BF9791 /* Build configuration list for PBXNativeTarget "MapWithCustomAnnotation" */ = {
			isa = XCConfigurationList;
			buildConfigurations = (
				F40AE35B1EB9F8B900BF9791 /* Debug */,
				F40AE35C1EB9F8B900BF9791 /* Release */,
			);
			defaultConfigurationIsVisible = 0;
			defaultConfigurationName = Release;
		};
/* End XCConfigurationList section */
	};
	rootObject = F40AE33B1EB9F8B800BF9791 /* Project object */;
}
